// !$*UTF8*$!
{
	archiveVersion = 1;
	classes = {
	};
	objectVersion = 56;
	objects = {

/* Begin PBXBuildFile section */
		FB24B6DD2C860BB5003DD640 /* AppDelegate.swift in Sources */ = {isa = PBXBuildFile; fileRef = FB24B6DC2C860BB5003DD640 /* AppDelegate.swift */; };
		FB24B6DF2C860BB5003DD640 /* SceneDelegate.swift in Sources */ = {isa = PBXBuildFile; fileRef = FB24B6DE2C860BB5003DD640 /* SceneDelegate.swift */; };
		FB24B6E12C860BB5003DD640 /* ViewController.swift in Sources */ = {isa = PBXBuildFile; fileRef = FB24B6E02C860BB5003DD640 /* ViewController.swift */; };
		FB24B6E42C860BB5003DD640 /* Base in Resources */ = {isa = PBXBuildFile; fileRef = FB24B6E32C860BB5003DD640 /* Base */; };
		FB24B6E62C860BB6003DD640 /* Assets.xcassets in Resources */ = {isa = PBXBuildFile; fileRef = FB24B6E52C860BB6003DD640 /* Assets.xcassets */; };
		FB24B6E92C860BB6003DD640 /* Base in Resources */ = {isa = PBXBuildFile; fileRef = FB24B6E82C860BB6003DD640 /* Base */; };
		FB24B6F42C860BB6003DD640 /* Calculadora_Tests.swift in Sources */ = {isa = PBXBuildFile; fileRef = FB24B6F32C860BB6003DD640 /* Calculadora_Tests.swift */; };
		FB24B6FE2C860BB6003DD640 /* Calculadora_UITests.swift in Sources */ = {isa = PBXBuildFile; fileRef = FB24B6FD2C860BB6003DD640 /* Calculadora_UITests.swift */; };
		FB24B7002C860BB6003DD640 /* Calculadora_UITestsLaunchTests.swift in Sources */ = {isa = PBXBuildFile; fileRef = FB24B6FF2C860BB6003DD640 /* Calculadora_UITestsLaunchTests.swift */; };
/* End PBXBuildFile section */

/* Begin PBXContainerItemProxy section */
		FB24B6F02C860BB6003DD640 /* PBXContainerItemProxy */ = {
			isa = PBXContainerItemProxy;
			containerPortal = FB24B6D12C860BB5003DD640 /* Project object */;
			proxyType = 1;
			remoteGlobalIDString = FB24B6D82C860BB5003DD640;
			remoteInfo = Calculadora_;
		};
		FB24B6FA2C860BB6003DD640 /* PBXContainerItemProxy */ = {
			isa = PBXContainerItemProxy;
			containerPortal = FB24B6D12C860BB5003DD640 /* Project object */;
			proxyType = 1;
			remoteGlobalIDString = FB24B6D82C860BB5003DD640;
			remoteInfo = Calculadora_;
		};
/* End PBXContainerItemProxy section */

/* Begin PBXFileReference section */
		FB24B6D92C860BB5003DD640 /* Calculadora_.app */ = {isa = PBXFileReference; explicitFileType = wrapper.application; includeInIndex = 0; path = Calculadora_.app; sourceTree = BUILT_PRODUCTS_DIR; };
		FB24B6DC2C860BB5003DD640 /* AppDelegate.swift */ = {isa = PBXFileReference; lastKnownFileType = sourcecode.swift; path = AppDelegate.swift; sourceTree = "<group>"; };
		FB24B6DE2C860BB5003DD640 /* SceneDelegate.swift */ = {isa = PBXFileReference; lastKnownFileType = sourcecode.swift; path = SceneDelegate.swift; sourceTree = "<group>"; };
		FB24B6E02C860BB5003DD640 /* ViewController.swift */ = {isa = PBXFileReference; lastKnownFileType = sourcecode.swift; path = ViewController.swift; sourceTree = "<group>"; };
		FB24B6E32C860BB5003DD640 /* Base */ = {isa = PBXFileReference; lastKnownFileType = file.storyboard; name = Base; path = Base.lproj/Main.storyboard; sourceTree = "<group>"; };
		FB24B6E52C860BB6003DD640 /* Assets.xcassets */ = {isa = PBXFileReference; lastKnownFileType = folder.assetcatalog; path = Assets.xcassets; sourceTree = "<group>"; };
		FB24B6E82C860BB6003DD640 /* Base */ = {isa = PBXFileReference; lastKnownFileType = file.storyboard; name = Base; path = Base.lproj/LaunchScreen.storyboard; sourceTree = "<group>"; };
		FB24B6EA2C860BB6003DD640 /* Info.plist */ = {isa = PBXFileReference; lastKnownFileType = text.plist.xml; path = Info.plist; sourceTree = "<group>"; };
		FB24B6EF2C860BB6003DD640 /* Calculadora_Tests.xctest */ = {isa = PBXFileReference; explicitFileType = wrapper.cfbundle; includeInIndex = 0; path = Calculadora_Tests.xctest; sourceTree = BUILT_PRODUCTS_DIR; };
		FB24B6F32C860BB6003DD640 /* Calculadora_Tests.swift */ = {isa = PBXFileReference; lastKnownFileType = sourcecode.swift; path = Calculadora_Tests.swift; sourceTree = "<group>"; };
		FB24B6F92C860BB6003DD640 /* Calculadora_UITests.xctest */ = {isa = PBXFileReference; explicitFileType = wrapper.cfbundle; includeInIndex = 0; path = Calculadora_UITests.xctest; sourceTree = BUILT_PRODUCTS_DIR; };
		FB24B6FD2C860BB6003DD640 /* Calculadora_UITests.swift */ = {isa = PBXFileReference; lastKnownFileType = sourcecode.swift; path = Calculadora_UITests.swift; sourceTree = "<group>"; };
		FB24B6FF2C860BB6003DD640 /* Calculadora_UITestsLaunchTests.swift */ = {isa = PBXFileReference; lastKnownFileType = sourcecode.swift; path = Calculadora_UITestsLaunchTests.swift; sourceTree = "<group>"; };
/* End PBXFileReference section */

/* Begin PBXFrameworksBuildPhase section */
		FB24B6D62C860BB5003DD640 /* Frameworks */ = {
			isa = PBXFrameworksBuildPhase;
			buildActionMask = 2147483647;
			files = (
			);
			runOnlyForDeploymentPostprocessing = 0;
		};
		FB24B6EC2C860BB6003DD640 /* Frameworks */ = {
			isa = PBXFrameworksBuildPhase;
			buildActionMask = 2147483647;
			files = (
			);
			runOnlyForDeploymentPostprocessing = 0;
		};
		FB24B6F62C860BB6003DD640 /* Frameworks */ = {
			isa = PBXFrameworksBuildPhase;
			buildActionMask = 2147483647;
			files = (
			);
			runOnlyForDeploymentPostprocessing = 0;
		};
/* End PBXFrameworksBuildPhase section */

/* Begin PBXGroup section */
		FB24B6D02C860BB5003DD640 = {
			isa = PBXGroup;
			children = (
				FB24B6DB2C860BB5003DD640 /* Calculadora_ */,
				FB24B6F22C860BB6003DD640 /* Calculadora_Tests */,
				FB24B6FC2C860BB6003DD640 /* Calculadora_UITests */,
				FB24B6DA2C860BB5003DD640 /* Products */,
			);
			sourceTree = "<group>";
		};
		FB24B6DA2C860BB5003DD640 /* Products */ = {
			isa = PBXGroup;
			children = (
				FB24B6D92C860BB5003DD640 /* Calculadora_.app */,
				FB24B6EF2C860BB6003DD640 /* Calculadora_Tests.xctest */,
				FB24B6F92C860BB6003DD640 /* Calculadora_UITests.xctest */,
			);
			name = Products;
			sourceTree = "<group>";
		};
		FB24B6DB2C860BB5003DD640 /* Calculadora_ */ = {
			isa = PBXGroup;
			children = (
				FB24B6DC2C860BB5003DD640 /* AppDelegate.swift */,
				FB24B6DE2C860BB5003DD640 /* SceneDelegate.swift */,
				FB24B6E02C860BB5003DD640 /* ViewController.swift */,
				FB24B6E22C860BB5003DD640 /* Main.storyboard */,
				FB24B6E52C860BB6003DD640 /* Assets.xcassets */,
				FB24B6E72C860BB6003DD640 /* LaunchScreen.storyboard */,
				FB24B6EA2C860BB6003DD640 /* Info.plist */,
			);
			path = Calculadora_;
			sourceTree = "<group>";
		};
		FB24B6F22C860BB6003DD640 /* Calculadora_Tests */ = {
			isa = PBXGroup;
			children = (
				FB24B6F32C860BB6003DD640 /* Calculadora_Tests.swift */,
			);
			path = Calculadora_Tests;
			sourceTree = "<group>";
		};
		FB24B6FC2C860BB6003DD640 /* Calculadora_UITests */ = {
			isa = PBXGroup;
			children = (
				FB24B6FD2C860BB6003DD640 /* Calculadora_UITests.swift */,
				FB24B6FF2C860BB6003DD640 /* Calculadora_UITestsLaunchTests.swift */,
			);
			path = Calculadora_UITests;
			sourceTree = "<group>";
		};
/* End PBXGroup section */

/* Begin PBXNativeTarget section */
		FB24B6D82C860BB5003DD640 /* Calculadora_ */ = {
			isa = PBXNativeTarget;
			buildConfigurationList = FB24B7032C860BB6003DD640 /* Build configuration list for PBXNativeTarget "Calculadora_" */;
			buildPhases = (
				FB24B6D52C860BB5003DD640 /* Sources */,
				FB24B6D62C860BB5003DD640 /* Frameworks */,
				FB24B6D72C860BB5003DD640 /* Resources */,
			);
			buildRules = (
			);
			dependencies = (
			);
			name = Calculadora_;
			productName = Calculadora_;
			productReference = FB24B6D92C860BB5003DD640 /* Calculadora_.app */;
			productType = "com.apple.product-type.application";
		};
		FB24B6EE2C860BB6003DD640 /* Calculadora_Tests */ = {
			isa = PBXNativeTarget;
			buildConfigurationList = FB24B7062C860BB6003DD640 /* Build configuration list for PBXNativeTarget "Calculadora_Tests" */;
			buildPhases = (
				FB24B6EB2C860BB6003DD640 /* Sources */,
				FB24B6EC2C860BB6003DD640 /* Frameworks */,
				FB24B6ED2C860BB6003DD640 /* Resources */,
			);
			buildRules = (
			);
			dependencies = (
				FB24B6F12C860BB6003DD640 /* PBXTargetDependency */,
			);
			name = Calculadora_Tests;
			productName = Calculadora_Tests;
			productReference = FB24B6EF2C860BB6003DD640 /* Calculadora_Tests.xctest */;
			productType = "com.apple.product-type.bundle.unit-test";
		};
		FB24B6F82C860BB6003DD640 /* Calculadora_UITests */ = {
			isa = PBXNativeTarget;
			buildConfigurationList = FB24B7092C860BB6003DD640 /* Build configuration list for PBXNativeTarget "Calculadora_UITests" */;
			buildPhases = (
				FB24B6F52C860BB6003DD640 /* Sources */,
				FB24B6F62C860BB6003DD640 /* Frameworks */,
				FB24B6F72C860BB6003DD640 /* Resources */,
			);
			buildRules = (
			);
			dependencies = (
				FB24B6FB2C860BB6003DD640 /* PBXTargetDependency */,
			);
			name = Calculadora_UITests;
			productName = Calculadora_UITests;
			productReference = FB24B6F92C860BB6003DD640 /* Calculadora_UITests.xctest */;
			productType = "com.apple.product-type.bundle.ui-testing";
		};
/* End PBXNativeTarget section */

/* Begin PBXProject section */
		FB24B6D12C860BB5003DD640 /* Project object */ = {
			isa = PBXProject;
			attributes = {
				BuildIndependentTargetsInParallel = 1;
				LastSwiftUpdateCheck = 1540;
				LastUpgradeCheck = 1540;
				TargetAttributes = {
					FB24B6D82C860BB5003DD640 = {
						CreatedOnToolsVersion = 15.4;
					};
					FB24B6EE2C860BB6003DD640 = {
						CreatedOnToolsVersion = 15.4;
						TestTargetID = FB24B6D82C860BB5003DD640;
					};
					FB24B6F82C860BB6003DD640 = {
						CreatedOnToolsVersion = 15.4;
						TestTargetID = FB24B6D82C860BB5003DD640;
					};
				};
			};
			buildConfigurationList = FB24B6D42C860BB5003DD640 /* Build configuration list for PBXProject "Calculadora_" */;
			compatibilityVersion = "Xcode 14.0";
			developmentRegion = en;
			hasScannedForEncodings = 0;
			knownRegions = (
				en,
				Base,
			);
			mainGroup = FB24B6D02C860BB5003DD640;
			productRefGroup = FB24B6DA2C860BB5003DD640 /* Products */;
			projectDirPath = "";
			projectRoot = "";
			targets = (
				FB24B6D82C860BB5003DD640 /* Calculadora_ */,
				FB24B6EE2C860BB6003DD640 /* Calculadora_Tests */,
				FB24B6F82C860BB6003DD640 /* Calculadora_UITests */,
			);
		};
/* End PBXProject section */

/* Begin PBXResourcesBuildPhase section */
		FB24B6D72C860BB5003DD640 /* Resources */ = {
			isa = PBXResourcesBuildPhase;
			buildActionMask = 2147483647;
			files = (
				FB24B6E62C860BB6003DD640 /* Assets.xcassets in Resources */,
				FB24B6E92C860BB6003DD640 /* Base in Resources */,
				FB24B6E42C860BB5003DD640 /* Base in Resources */,
			);
			runOnlyForDeploymentPostprocessing = 0;
		};
		FB24B6ED2C860BB6003DD640 /* Resources */ = {
			isa = PBXResourcesBuildPhase;
			buildActionMask = 2147483647;
			files = (
			);
			runOnlyForDeploymentPostprocessing = 0;
		};
		FB24B6F72C860BB6003DD640 /* Resources */ = {
			isa = PBXResourcesBuildPhase;
			buildActionMask = 2147483647;
			files = (
			);
			runOnlyForDeploymentPostprocessing = 0;
		};
/* End PBXResourcesBuildPhase section */

/* Begin PBXSourcesBuildPhase section */
		FB24B6D52C860BB5003DD640 /* Sources */ = {
			isa = PBXSourcesBuildPhase;
			buildActionMask = 2147483647;
			files = (
				FB24B6E12C860BB5003DD640 /* ViewController.swift in Sources */,
				FB24B6DD2C860BB5003DD640 /* AppDelegate.swift in Sources */,
				FB24B6DF2C860BB5003DD640 /* SceneDelegate.swift in Sources */,
			);
			runOnlyForDeploymentPostprocessing = 0;
		};
		FB24B6EB2C860BB6003DD640 /* Sources */ = {
			isa = PBXSourcesBuildPhase;
			buildActionMask = 2147483647;
			files = (
				FB24B6F42C860BB6003DD640 /* Calculadora_Tests.swift in Sources */,
			);
			runOnlyForDeploymentPostprocessing = 0;
		};
		FB24B6F52C860BB6003DD640 /* Sources */ = {
			isa = PBXSourcesBuildPhase;
			buildActionMask = 2147483647;
			files = (
				FB24B7002C860BB6003DD640 /* Calculadora_UITestsLaunchTests.swift in Sources */,
				FB24B6FE2C860BB6003DD640 /* Calculadora_UITests.swift in Sources */,
			);
			runOnlyForDeploymentPostprocessing = 0;
		};
/* End PBXSourcesBuildPhase section */

/* Begin PBXTargetDependency section */
		FB24B6F12C860BB6003DD640 /* PBXTargetDependency */ = {
			isa = PBXTargetDependency;
			target = FB24B6D82C860BB5003DD640 /* Calculadora_ */;
			targetProxy = FB24B6F02C860BB6003DD640 /* PBXContainerItemProxy */;
		};
		FB24B6FB2C860BB6003DD640 /* PBXTargetDependency */ = {
			isa = PBXTargetDependency;
			target = FB24B6D82C860BB5003DD640 /* Calculadora_ */;
			targetProxy = FB24B6FA2C860BB6003DD640 /* PBXContainerItemProxy */;
		};
/* End PBXTargetDependency section */

/* Begin PBXVariantGroup section */
		FB24B6E22C860BB5003DD640 /* Main.storyboard */ = {
			isa = PBXVariantGroup;
			children = (
				FB24B6E32C860BB5003DD640 /* Base */,
			);
			name = Main.storyboard;
			sourceTree = "<group>";
		};
		FB24B6E72C860BB6003DD640 /* LaunchScreen.storyboard */ = {
			isa = PBXVariantGroup;
			children = (
				FB24B6E82C860BB6003DD640 /* Base */,
			);
			name = LaunchScreen.storyboard;
			sourceTree = "<group>";
		};
/* End PBXVariantGroup section */

/* Begin XCBuildConfiguration section */
		FB24B7012C860BB6003DD640 /* Debug */ = {
			isa = XCBuildConfiguration;
			buildSettings = {
				ALWAYS_SEARCH_USER_PATHS = NO;
				ASSETCATALOG_COMPILER_GENERATE_SWIFT_ASSET_SYMBOL_EXTENSIONS = YES;
				CLANG_ANALYZER_NONNULL = YES;
				CLANG_ANALYZER_NUMBER_OBJECT_CONVERSION = YES_AGGRESSIVE;
				CLANG_CXX_LANGUAGE_STANDARD = "gnu++20";
				CLANG_ENABLE_MODULES = YES;
				CLANG_ENABLE_OBJC_ARC = YES;
				CLANG_ENABLE_OBJC_WEAK = YES;
				CLANG_WARN_BLOCK_CAPTURE_AUTORELEASING = YES;
				CLANG_WARN_BOOL_CONVERSION = YES;
				CLANG_WARN_COMMA = YES;
				CLANG_WARN_CONSTANT_CONVERSION = YES;
				CLANG_WARN_DEPRECATED_OBJC_IMPLEMENTATIONS = YES;
				CLANG_WARN_DIRECT_OBJC_ISA_USAGE = YES_ERROR;
				CLANG_WARN_DOCUMENTATION_COMMENTS = YES;
				CLANG_WARN_EMPTY_BODY = YES;
				CLANG_WARN_ENUM_CONVERSION = YES;
				CLANG_WARN_INFINITE_RECURSION = YES;
				CLANG_WARN_INT_CONVERSION = YES;
				CLANG_WARN_NON_LITERAL_NULL_CONVERSION = YES;
				CLANG_WARN_OBJC_IMPLICIT_RETAIN_SELF = YES;
				CLANG_WARN_OBJC_LITERAL_CONVERSION = YES;
				CLANG_WARN_OBJC_ROOT_CLASS = YES_ERROR;
				CLANG_WARN_QUOTED_INCLUDE_IN_FRAMEWORK_HEADER = YES;
				CLANG_WARN_RANGE_LOOP_ANALYSIS = YES;
				CLANG_WARN_STRICT_PROTOTYPES = YES;
				CLANG_WARN_SUSPICIOUS_MOVE = YES;
				CLANG_WARN_UNGUARDED_AVAILABILITY = YES_AGGRESSIVE;
				CLANG_WARN_UNREACHABLE_CODE = YES;
				CLANG_WARN__DUPLICATE_METHOD_MATCH = YES;
				COPY_PHASE_STRIP = NO;
				DEBUG_INFORMATION_FORMAT = dwarf;
				ENABLE_STRICT_OBJC_MSGSEND = YES;
				ENABLE_TESTABILITY = YES;
				ENABLE_USER_SCRIPT_SANDBOXING = YES;
				GCC_C_LANGUAGE_STANDARD = gnu17;
				GCC_DYNAMIC_NO_PIC = NO;
				GCC_NO_COMMON_BLOCKS = YES;
				GCC_OPTIMIZATION_LEVEL = 0;
				GCC_PREPROCESSOR_DEFINITIONS = (
					"DEBUG=1",
					"$(inherited)",
				);
				GCC_WARN_64_TO_32_BIT_CONVERSION = YES;
				GCC_WARN_ABOUT_RETURN_TYPE = YES_ERROR;
				GCC_WARN_UNDECLARED_SELECTOR = YES;
				GCC_WARN_UNINITIALIZED_AUTOS = YES_AGGRESSIVE;
				GCC_WARN_UNUSED_FUNCTION = YES;
				GCC_WARN_UNUSED_VARIABLE = YES;
				IPHONEOS_DEPLOYMENT_TARGET = 17.5;
				LOCALIZATION_PREFERS_STRING_CATALOGS = YES;
				MTL_ENABLE_DEBUG_INFO = INCLUDE_SOURCE;
				MTL_FAST_MATH = YES;
				ONLY_ACTIVE_ARCH = YES;
				SDKROOT = iphoneos;
				SWIFT_ACTIVE_COMPILATION_CONDITIONS = "DEBUG $(inherited)";
				SWIFT_OPTIMIZATION_LEVEL = "-Onone";
			};
			name = Debug;
		};
		FB24B7022C860BB6003DD640 /* Release */ = {
			isa = XCBuildConfiguration;
			buildSettings = {
				ALWAYS_SEARCH_USER_PATHS = NO;
				ASSETCATALOG_COMPILER_GENERATE_SWIFT_ASSET_SYMBOL_EXTENSIONS = YES;
				CLANG_ANALYZER_NONNULL = YES;
				CLANG_ANALYZER_NUMBER_OBJECT_CONVERSION = YES_AGGRESSIVE;
				CLANG_CXX_LANGUAGE_STANDARD = "gnu++20";
				CLANG_ENABLE_MODULES = YES;
				CLANG_ENABLE_OBJC_ARC = YES;
				CLANG_ENABLE_OBJC_WEAK = YES;
				CLANG_WARN_BLOCK_CAPTURE_AUTORELEASING = YES;
				CLANG_WARN_BOOL_CONVERSION = YES;
				CLANG_WARN_COMMA = YES;
				CLANG_WARN_CONSTANT_CONVERSION = YES;
				CLANG_WARN_DEPRECATED_OBJC_IMPLEMENTATIONS = YES;
				CLANG_WARN_DIRECT_OBJC_ISA_USAGE = YES_ERROR;
				CLANG_WARN_DOCUMENTATION_COMMENTS = YES;
				CLANG_WARN_EMPTY_BODY = YES;
				CLANG_WARN_ENUM_CONVERSION = YES;
				CLANG_WARN_INFINITE_RECURSION = YES;
				CLANG_WARN_INT_CONVERSION = YES;
				CLANG_WARN_NON_LITERAL_NULL_CONVERSION = YES;
				CLANG_WARN_OBJC_IMPLICIT_RETAIN_SELF = YES;
				CLANG_WARN_OBJC_LITERAL_CONVERSION = YES;
				CLANG_WARN_OBJC_ROOT_CLASS = YES_ERROR;
				CLANG_WARN_QUOTED_INCLUDE_IN_FRAMEWORK_HEADER = YES;
				CLANG_WARN_RANGE_LOOP_ANALYSIS = YES;
				CLANG_WARN_STRICT_PROTOTYPES = YES;
				CLANG_WARN_SUSPICIOUS_MOVE = YES;
				CLANG_WARN_UNGUARDED_AVAILABILITY = YES_AGGRESSIVE;
				CLANG_WARN_UNREACHABLE_CODE = YES;
				CLANG_WARN__DUPLICATE_METHOD_MATCH = YES;
				COPY_PHASE_STRIP = NO;
				DEBUG_INFORMATION_FORMAT = "dwarf-with-dsym";
				ENABLE_NS_ASSERTIONS = NO;
				ENABLE_STRICT_OBJC_MSGSEND = YES;
				ENABLE_USER_SCRIPT_SANDBOXING = YES;
				GCC_C_LANGUAGE_STANDARD = gnu17;
				GCC_NO_COMMON_BLOCKS = YES;
				GCC_WARN_64_TO_32_BIT_CONVERSION = YES;
				GCC_WARN_ABOUT_RETURN_TYPE = YES_ERROR;
				GCC_WARN_UNDECLARED_SELECTOR = YES;
				GCC_WARN_UNINITIALIZED_AUTOS = YES_AGGRESSIVE;
				GCC_WARN_UNUSED_FUNCTION = YES;
				GCC_WARN_UNUSED_VARIABLE = YES;
				IPHONEOS_DEPLOYMENT_TARGET = 17.5;
				LOCALIZATION_PREFERS_STRING_CATALOGS = YES;
				MTL_ENABLE_DEBUG_INFO = NO;
				MTL_FAST_MATH = YES;
				SDKROOT = iphoneos;
				SWIFT_COMPILATION_MODE = wholemodule;
				VALIDATE_PRODUCT = YES;
			};
			name = Release;
		};
		FB24B7042C860BB6003DD640 /* Debug */ = {
			isa = XCBuildConfiguration;
			buildSettings = {
				ASSETCATALOG_COMPILER_APPICON_NAME = AppIcon;
				ASSETCATALOG_COMPILER_GLOBAL_ACCENT_COLOR_NAME = AccentColor;
				CODE_SIGN_STYLE = Automatic;
				CURRENT_PROJECT_VERSION = 1;
				GENERATE_INFOPLIST_FILE = YES;
				INFOPLIST_FILE = Calculadora_/Info.plist;
				INFOPLIST_KEY_UIApplicationSupportsIndirectInputEvents = YES;
				INFOPLIST_KEY_UILaunchStoryboardName = LaunchScreen;
				INFOPLIST_KEY_UIMainStoryboardFile = Main;
				INFOPLIST_KEY_UISupportedInterfaceOrientations_iPad = "UIInterfaceOrientationPortrait UIInterfaceOrientationPortraitUpsideDown UIInterfaceOrientationLandscapeLeft UIInterfaceOrientationLandscapeRight";
				INFOPLIST_KEY_UISupportedInterfaceOrientations_iPhone = "UIInterfaceOrientationPortrait UIInterfaceOrientationLandscapeLeft UIInterfaceOrientationLandscapeRight";
				LD_RUNPATH_SEARCH_PATHS = (
					"$(inherited)",
					"@executable_path/Frameworks",
				);
				MARKETING_VERSION = 1.0;
				PRODUCT_BUNDLE_IDENTIFIER = "uacj.Calculadora-";
				PRODUCT_NAME = "$(TARGET_NAME)";
				SWIFT_EMIT_LOC_STRINGS = YES;
				SWIFT_VERSION = 5.0;
				TARGETED_DEVICE_FAMILY = "1,2";
			};
			name = Debug;
		};
		FB24B7052C860BB6003DD640 /* Release */ = {
			isa = XCBuildConfiguration;
			buildSettings = {
				ASSETCATALOG_COMPILER_APPICON_NAME = AppIcon;
				ASSETCATALOG_COMPILER_GLOBAL_ACCENT_COLOR_NAME = AccentColor;
				CODE_SIGN_STYLE = Automatic;
				CURRENT_PROJECT_VERSION = 1;
				GENERATE_INFOPLIST_FILE = YES;
				INFOPLIST_FILE = Calculadora_/Info.plist;
				INFOPLIST_KEY_UIApplicationSupportsIndirectInputEvents = YES;
				INFOPLIST_KEY_UILaunchStoryboardName = LaunchScreen;
				INFOPLIST_KEY_UIMainStoryboardFile = Main;
				INFOPLIST_KEY_UISupportedInterfaceOrientations_iPad = "UIInterfaceOrientationPortrait UIInterfaceOrientationPortraitUpsideDown UIInterfaceOrientationLandscapeLeft UIInterfaceOrientationLandscapeRight";
				INFOPLIST_KEY_UISupportedInterfaceOrientations_iPhone = "UIInterfaceOrientationPortrait UIInterfaceOrientationLandscapeLeft UIInterfaceOrientationLandscapeRight";
				LD_RUNPATH_SEARCH_PATHS = (
					"$(inherited)",
					"@executable_path/Frameworks",
				);
				MARKETING_VERSION = 1.0;
				PRODUCT_BUNDLE_IDENTIFIER = "uacj.Calculadora-";
				PRODUCT_NAME = "$(TARGET_NAME)";
				SWIFT_EMIT_LOC_STRINGS = YES;
				SWIFT_VERSION = 5.0;
				TARGETED_DEVICE_FAMILY = "1,2";
			};
			name = Release;
		};
		FB24B7072C860BB6003DD640 /* Debug */ = {
			isa = XCBuildConfiguration;
			buildSettings = {
				ALWAYS_EMBED_SWIFT_STANDARD_LIBRARIES = YES;
				BUNDLE_LOADER = "$(TEST_HOST)";
				CODE_SIGN_STYLE = Automatic;
				CURRENT_PROJECT_VERSION = 1;
				GENERATE_INFOPLIST_FILE = YES;
				IPHONEOS_DEPLOYMENT_TARGET = 17.5;
				MARKETING_VERSION = 1.0;
				PRODUCT_BUNDLE_IDENTIFIER = "uacj.Calculadora-Tests";
				PRODUCT_NAME = "$(TARGET_NAME)";
				SWIFT_EMIT_LOC_STRINGS = NO;
				SWIFT_VERSION = 5.0;
				TARGETED_DEVICE_FAMILY = "1,2";
				TEST_HOST = "$(BUILT_PRODUCTS_DIR)/Calculadora_.app/$(BUNDLE_EXECUTABLE_FOLDER_PATH)/Calculadora_";
			};
			name = Debug;
		};
		FB24B7082C860BB6003DD640 /* Release */ = {
			isa = XCBuildConfiguration;
			buildSettings = {
				ALWAYS_EMBED_SWIFT_STANDARD_LIBRARIES = YES;
				BUNDLE_LOADER = "$(TEST_HOST)";
				CODE_SIGN_STYLE = Automatic;
				CURRENT_PROJECT_VERSION = 1;
				GENERATE_INFOPLIST_FILE = YES;
				IPHONEOS_DEPLOYMENT_TARGET = 17.5;
				MARKETING_VERSION = 1.0;
				PRODUCT_BUNDLE_IDENTIFIER = "uacj.Calculadora-Tests";
				PRODUCT_NAME = "$(TARGET_NAME)";
				SWIFT_EMIT_LOC_STRINGS = NO;
				SWIFT_VERSION = 5.0;
				TARGETED_DEVICE_FAMILY = "1,2";
				TEST_HOST = "$(BUILT_PRODUCTS_DIR)/Calculadora_.app/$(BUNDLE_EXECUTABLE_FOLDER_PATH)/Calculadora_";
			};
			name = Release;
		};
		FB24B70A2C860BB6003DD640 /* Debug */ = {
			isa = XCBuildConfiguration;
			buildSettings = {
				ALWAYS_EMBED_SWIFT_STANDARD_LIBRARIES = YES;
				CODE_SIGN_STYLE = Automatic;
				CURRENT_PROJECT_VERSION = 1;
				GENERATE_INFOPLIST_FILE = YES;
				MARKETING_VERSION = 1.0;
				PRODUCT_BUNDLE_IDENTIFIER = "uacj.Calculadora-UITests";
				PRODUCT_NAME = "$(TARGET_NAME)";
				SWIFT_EMIT_LOC_STRINGS = NO;
				SWIFT_VERSION = 5.0;
				TARGETED_DEVICE_FAMILY = "1,2";
				TEST_TARGET_NAME = Calculadora_;
			};
			name = Debug;
		};
		FB24B70B2C860BB6003DD640 /* Release */ = {
			isa = XCBuildConfiguration;
			buildSettings = {
				ALWAYS_EMBED_SWIFT_STANDARD_LIBRARIES = YES;
				CODE_SIGN_STYLE = Automatic;
				CURRENT_PROJECT_VERSION = 1;
				GENERATE_INFOPLIST_FILE = YES;
				MARKETING_VERSION = 1.0;
				PRODUCT_BUNDLE_IDENTIFIER = "uacj.Calculadora-UITests";
				PRODUCT_NAME = "$(TARGET_NAME)";
				SWIFT_EMIT_LOC_STRINGS = NO;
				SWIFT_VERSION = 5.0;
				TARGETED_DEVICE_FAMILY = "1,2";
				TEST_TARGET_NAME = Calculadora_;
			};
			name = Release;
		};
/* End XCBuildConfiguration section */

/* Begin XCConfigurationList section */
		FB24B6D42C860BB5003DD640 /* Build configuration list for PBXProject "Calculadora_" */ = {
			isa = XCConfigurationList;
			buildConfigurations = (
				FB24B7012C860BB6003DD640 /* Debug */,
				FB24B7022C860BB6003DD640 /* Release */,
			);
			defaultConfigurationIsVisible = 0;
			defaultConfigurationName = Release;
		};
		FB24B7032C860BB6003DD640 /* Build configuration list for PBXNativeTarget "Calculadora_" */ = {
			isa = XCConfigurationList;
			buildConfigurations = (
				FB24B7042C860BB6003DD640 /* Debug */,
				FB24B7052C860BB6003DD640 /* Release */,
			);
			defaultConfigurationIsVisible = 0;
			defaultConfigurationName = Release;
		};
		FB24B7062C860BB6003DD640 /* Build configuration list for PBXNativeTarget "Calculadora_Tests" */ = {
			isa = XCConfigurationList;
			buildConfigurations = (
				FB24B7072C860BB6003DD640 /* Debug */,
				FB24B7082C860BB6003DD640 /* Release */,
			);
			defaultConfigurationIsVisible = 0;
			defaultConfigurationName = Release;
		};
		FB24B7092C860BB6003DD640 /* Build configuration list for PBXNativeTarget "Calculadora_UITests" */ = {
			isa = XCConfigurationList;
			buildConfigurations = (
				FB24B70A2C860BB6003DD640 /* Debug */,
				FB24B70B2C860BB6003DD640 /* Release */,
			);
			defaultConfigurationIsVisible = 0;
			defaultConfigurationName = Release;
		};
/* End XCConfigurationList section */
	};
	rootObject = FB24B6D12C860BB5003DD640 /* Project object */;
}
